{
    "_meta": {
        "hash": {
            "sha256": "534ea61010fd2c13d401365db76db742d177f3591a5717d4a6c703e3dfbdeb43"
        },
        "pipfile-spec": 6,
        "requires": {
            "python_version": "3.8"
        },
        "sources": [
            {
                "name": "pypi",
                "url": "https://pypi.python.org/simple",
                "verify_ssl": true
            }
        ]
    },
    "default": {
        "blessed": {
            "hashes": [
                "sha256:8b09936def6bc06583db99b65636b980075733e13550cb6af262ce724a55da23",
                "sha256:dd7c0d33db9a2e7f597b446996484d0ed46e1586239db064fb5025008937dcae"
            ],
            "index": "pypi",
            "version": "==1.18.1"
        },
        "six": {
            "hashes": [
                "sha256:1e61c37477a1626458e36f7b1d82aa5c9b094fa4802892072e49de9c60c4c926",
                "sha256:8abb2f1d86890a2dfb989f9a77cfcfd3e47c2a354b01111771326f8aa26e0254"
            ],
            "version": "==1.16.0"
        },
        "wcwidth": {
            "hashes": [
                "sha256:beb4802a9cebb9144e99086eff703a642a13d6a0052920003a230f3294bbe784",
                "sha256:c4d647b99872929fdb7bdcaa4fbe7f01413ed3d98077df798530e5b04f116c83"
            ],
            "version": "==0.2.5"
        }
    },
    "develop": {}
}
